
Microsoft Visual Studio Solution File, Format Version 12.00
# Visual Studio 14
VisualStudioVersion = 14.0.25420.1
MinimumVisualStudioVersion = 10.0.40219.1
Project("{FAE04EC0-301F-11D3-BF4B-00C04F79EFBC}") = "TLWebsite", "TLWebsite\TLWebsite.csproj", "{DB057E9C-EE21-453A-9F4E-B4AAB16F9B78}"
EndProject
Project("{FAE04EC0-301F-11D3-BF4B-00C04F79EFBC}") = "TLDAL", "TLDAL\TLDAL.csproj", "{FE8B6B49-50A9-4D18-92E5-4951D2FDECA0}"
EndProject
Global
	GlobalSection(SolutionConfigurationPlatforms) = preSolution
		Debug|Any CPU = Debug|Any CPU
		Release|Any CPU = Release|Any CPU
	EndGlobalSection
	GlobalSection(ProjectConfigurationPlatforms) = postSolution
		{DB057E9C-EE21-453A-9F4E-B4AAB16F9B78}.Debug|Any CPU.ActiveCfg = Debug|Any CPU
		{DB057E9C-EE21-453A-9F4E-B4AAB16F9B78}.Debug|Any CPU.Build.0 = Debug|Any CPU
		{DB057E9C-EE21-453A-9F4E-B4AAB16F9B78}.Release|Any CPU.ActiveCfg = Release|Any CPU
		{DB057E9C-EE21-453A-9F4E-B4AAB16F9B78}.Release|Any CPU.Build.0 = Release|Any CPU
		{FE8B6B49-50A9-4D18-92E5-4951D2FDECA0}.Debug|Any CPU.ActiveCfg = Debug|Any CPU
		{FE8B6B49-50A9-4D18-92E5-4951D2FDECA0}.Debug|Any CPU.Build.0 = Debug|Any CPU
		{FE8B6B49-50A9-4D18-92E5-4951D2FDECA0}.Release|Any CPU.ActiveCfg = Release|Any CPU
		{FE8B6B49-50A9-4D18-92E5-4951D2FDECA0}.Release|Any CPU.Build.0 = Release|Any CPU
	EndGlobalSection
	GlobalSection(SolutionProperties) = preSolution
		HideSolutionNode = FALSE
	EndGlobalSection
EndGlobal
